{
  "name": "proyecto1-redes",
  "lockfileVersion": 3,
  "requires": true,
  "packages": {
    "": {
      "dependencies": {
        "strophe.js": "^3.0.1",
        "strophejs-plugin-muc": "^1.1.0"
      }
    },
    "node_modules/@types/node": {
      "version": "22.5.0",
      "resolved": "https://registry.npmjs.org/@types/node/-/node-22.5.0.tgz",
      "integrity": "sha512-DkFrJOe+rfdHTqqMg0bSNlGlQ85hSoh2TPzZyhHsXnMtligRWpxUySiyw8FY14ITt24HVCiQPWxS3KO/QlGmWg==",
      "optional": true,
      "dependencies": {
        "undici-types": "~6.19.2"
      }
    },
    "node_modules/@types/ws": {
      "version": "8.5.12",
      "resolved": "https://registry.npmjs.org/@types/ws/-/ws-8.5.12.tgz",
      "integrity": "sha512-3tPRkv1EtkDpzlgyKyI8pGsGZAGPEaXeu0DOj5DI25Ja91bdAYddYHbADRYVrZMRbfW+1l5YwXVDKohDJNQxkQ==",
      "optional": true,
      "dependencies": {
        "@types/node": "*"
      }
    },
    "node_modules/@xmldom/xmldom": {
      "version": "0.8.10",
      "resolved": "https://registry.npmjs.org/@xmldom/xmldom/-/xmldom-0.8.10.tgz",
      "integrity": "sha512-2WALfTl4xo2SkGCYRt6rDTFfk9R1czmBvUQy12gK2KuRKIpWEhcbbzy8EZXtz/jkRqHX8bFEc6FC1HjX4TUWYw==",
      "optional": true,
      "engines": {
        "node": ">=10.0.0"
      }
    },
    "node_modules/abab": {
      "version": "2.0.6",
      "resolved": "https://registry.npmjs.org/abab/-/abab-2.0.6.tgz",
      "integrity": "sha512-j2afSsaIENvHZN2B8GOpF566vZ5WVk5opAiMTvWgaQT8DkbOqsTfvNAvHoRGU2zzP8cPoqys+xHTRDWW8L+/BA==",
      "deprecated": "Use your platform's native atob() and btoa() methods instead"
    },
    "node_modules/strophe.js": {
      "version": "3.0.1",
      "resolved": "https://registry.npmjs.org/strophe.js/-/strophe.js-3.0.1.tgz",
      "integrity": "sha512-L4Kxq0IuiUXD0G/wtjHwWSOQeZwA4TqV0jyaBqQ1UNL3eYrbel2PQSmH2iO/O0kFSPaqG3wAOwUQvgwgHeEmwg==",
      "dependencies": {
        "abab": "^2.0.3"
      },
      "optionalDependencies": {
        "@types/ws": "^8.5.5",
        "@xmldom/xmldom": "0.8.10",
        "ws": "^8.5.0"
      }
    },
    "node_modules/strophe.js/node_modules/ws": {
      "version": "8.18.0",
      "resolved": "https://registry.npmjs.org/ws/-/ws-8.18.0.tgz",
      "integrity": "sha512-8VbfWfHLbbwu3+N6OKsOMpBdT4kXPDDB9cJk2bJ6mh9ucxdlnNvH1e+roYkKmN9Nxw2yjz7VzeO9oOz2zJ04Pw==",
      "optional": true,
      "engines": {
        "node": ">=10.0.0"
      },
      "peerDependencies": {
        "bufferutil": "^4.0.1",
        "utf-8-validate": ">=5.0.2"
      },
      "peerDependenciesMeta": {
        "bufferutil": {
          "optional": true
        },
        "utf-8-validate": {
          "optional": true
        }
      }
    },
    "node_modules/strophejs-plugin-muc": {
      "version": "1.1.0",
      "resolved": "https://registry.npmjs.org/strophejs-plugin-muc/-/strophejs-plugin-muc-1.1.0.tgz",
      "integrity": "sha512-IGMCOSxGIgYwHRDVBRCzjDy8AedHxjz2TuJ0vTuLo6v3DisLeW4d107R/SkbkjVknoX1M42fdpZ9oKb5zRsLxw==",
      "peerDependencies": {
        "strophe.js": ">=1.2"
      }
    },
    "node_modules/undici-types": {
      "version": "6.19.8",
      "resolved": "https://registry.npmjs.org/undici-types/-/undici-types-6.19.8.tgz",
      "integrity": "sha512-ve2KP6f/JnbPBFyobGHuerC9g1FYGn/F8n1LWTwNxCEzd6IfqTwUQcNXgEtmmQ6DlRrC1hrSrBnCZPokRrDHjw==",
      "optional": true
    }
  }
}
